PODS:
  - Alamofire (5.0.2)
  - AlamofireImage (4.0.1):
    - Alamofire (< 6.0.0, >= 5.0.2)
  - SDWebImage (5.5.2):
    - SDWebImage/Core (= 5.5.2)
  - SDWebImage/Core (5.5.2)

DEPENDENCIES:
  - Alamofire
  - AlamofireImage
  - SDWebImage

SPEC REPOS:
  trunk:
    - Alamofire
    - AlamofireImage
    - SDWebImage

SPEC CHECKSUMS:
  Alamofire: 3ba7a4db18b4f62c4a1c0e1cb39d7f3d52e10ada
  AlamofireImage: a8a5289046ac46b4d0183bcf73ce12ce30564cb7
  SDWebImage: 4d5c027c935438f341ed33dbac53ff9f479922ca

PODFILE CHECKSUM: 76849cc0f09d8571494abfad55ad5c86758a673e

COCOAPODS: 1.8.4
