// !$*UTF8*$!
{
	archiveVersion = 1;
	classes = {
	};
	objectVersion = 51;
	objects = {

/* Begin PBXBuildFile section */
		4B373A492420F93200E36836 /* URL.swift in Sources */ = {isa = PBXBuildFile; fileRef = 4B373A482420F93200E36836 /* URL.swift */; };
		4B373A4B2420FA4900E36836 /* Heros_Base.swift in Sources */ = {isa = PBXBuildFile; fileRef = 4B373A4A2420FA4900E36836 /* Heros_Base.swift */; };
		4B4002192422231800282B9C /* DocumentDirectory.swift in Sources */ = {isa = PBXBuildFile; fileRef = 4B4002182422231800282B9C /* DocumentDirectory.swift */; };
		C302CB5824163F3A00C28B8D /* AppDelegate.swift in Sources */ = {isa = PBXBuildFile; fileRef = C302CB5724163F3A00C28B8D /* AppDelegate.swift */; };
		C302CB5A24163F3A00C28B8D /* SceneDelegate.swift in Sources */ = {isa = PBXBuildFile; fileRef = C302CB5924163F3A00C28B8D /* SceneDelegate.swift */; };
		C302CB5C24163F3A00C28B8D /* ViewController.swift in Sources */ = {isa = PBXBuildFile; fileRef = C302CB5B24163F3A00C28B8D /* ViewController.swift */; };
		C302CB5F24163F3A00C28B8D /* Main.storyboard in Resources */ = {isa = PBXBuildFile; fileRef = C302CB5D24163F3A00C28B8D /* Main.storyboard */; };
		C302CB6124163F3B00C28B8D /* Assets.xcassets in Resources */ = {isa = PBXBuildFile; fileRef = C302CB6024163F3B00C28B8D /* Assets.xcassets */; };
		C302CB6424163F3B00C28B8D /* LaunchScreen.storyboard in Resources */ = {isa = PBXBuildFile; fileRef = C302CB6224163F3B00C28B8D /* LaunchScreen.storyboard */; };
		C302CB6D241640A700C28B8D /* ArticleTableViewCell.swift in Sources */ = {isa = PBXBuildFile; fileRef = C302CB6B241640A700C28B8D /* ArticleTableViewCell.swift */; };
		C302CB6E241640A700C28B8D /* ArticleTableViewCell.xib in Resources */ = {isa = PBXBuildFile; fileRef = C302CB6C241640A700C28B8D /* ArticleTableViewCell.xib */; };
		C302CB732416441B00C28B8D /* Source.swift in Sources */ = {isa = PBXBuildFile; fileRef = C302CB702416441B00C28B8D /* Source.swift */; };
		C302CB742416441B00C28B8D /* article_base.swift in Sources */ = {isa = PBXBuildFile; fileRef = C302CB712416441B00C28B8D /* article_base.swift */; };
		C302CB752416441B00C28B8D /* Articles.swift in Sources */ = {isa = PBXBuildFile; fileRef = C302CB722416441B00C28B8D /* Articles.swift */; };
		C302CB7924164A1200C28B8D /* ArticleMangaer.swift in Sources */ = {isa = PBXBuildFile; fileRef = C302CB7824164A1200C28B8D /* ArticleMangaer.swift */; };
		EA1F1DC50F22534B360A2922 /* Pods_koml_machinetest.framework in Frameworks */ = {isa = PBXBuildFile; fileRef = B0FD17372FF4B3D8990FDF8F /* Pods_koml_machinetest.framework */; };
/* End PBXBuildFile section */

/* Begin PBXFileReference section */
		4B373A482420F93200E36836 /* URL.swift */ = {isa = PBXFileReference; lastKnownFileType = sourcecode.swift; path = URL.swift; sourceTree = "<group>"; };
		4B373A4A2420FA4900E36836 /* Heros_Base.swift */ = {isa = PBXFileReference; fileEncoding = 4; lastKnownFileType = sourcecode.swift; path = Heros_Base.swift; sourceTree = "<group>"; };
		4B4002182422231800282B9C /* DocumentDirectory.swift */ = {isa = PBXFileReference; lastKnownFileType = sourcecode.swift; path = DocumentDirectory.swift; sourceTree = "<group>"; };
		4E19772958C305E7FD1445BB /* Pods-koml_machinetest.release.xcconfig */ = {isa = PBXFileReference; includeInIndex = 1; lastKnownFileType = text.xcconfig; name = "Pods-koml_machinetest.release.xcconfig"; path = "Target Support Files/Pods-koml_machinetest/Pods-koml_machinetest.release.xcconfig"; sourceTree = "<group>"; };
		8CCBA940EF2982342C31845A /* Pods-koml_machinetest.debug.xcconfig */ = {isa = PBXFileReference; includeInIndex = 1; lastKnownFileType = text.xcconfig; name = "Pods-koml_machinetest.debug.xcconfig"; path = "Target Support Files/Pods-koml_machinetest/Pods-koml_machinetest.debug.xcconfig"; sourceTree = "<group>"; };
		B0FD17372FF4B3D8990FDF8F /* Pods_koml_machinetest.framework */ = {isa = PBXFileReference; explicitFileType = wrapper.framework; includeInIndex = 0; path = Pods_koml_machinetest.framework; sourceTree = BUILT_PRODUCTS_DIR; };
		C302CB5424163F3A00C28B8D /* koml_machinetest.app */ = {isa = PBXFileReference; explicitFileType = wrapper.application; includeInIndex = 0; path = koml_machinetest.app; sourceTree = BUILT_PRODUCTS_DIR; };
		C302CB5724163F3A00C28B8D /* AppDelegate.swift */ = {isa = PBXFileReference; lastKnownFileType = sourcecode.swift; path = AppDelegate.swift; sourceTree = "<group>"; };
		C302CB5924163F3A00C28B8D /* SceneDelegate.swift */ = {isa = PBXFileReference; lastKnownFileType = sourcecode.swift; path = SceneDelegate.swift; sourceTree = "<group>"; };
		C302CB5B24163F3A00C28B8D /* ViewController.swift */ = {isa = PBXFileReference; lastKnownFileType = sourcecode.swift; path = ViewController.swift; sourceTree = "<group>"; };
		C302CB5E24163F3A00C28B8D /* Base */ = {isa = PBXFileReference; lastKnownFileType = file.storyboard; name = Base; path = Base.lproj/Main.storyboard; sourceTree = "<group>"; };
		C302CB6024163F3B00C28B8D /* Assets.xcassets */ = {isa = PBXFileReference; lastKnownFileType = folder.assetcatalog; path = Assets.xcassets; sourceTree = "<group>"; };
		C302CB6324163F3B00C28B8D /* Base */ = {isa = PBXFileReference; lastKnownFileType = file.storyboard; name = Base; path = Base.lproj/LaunchScreen.storyboard; sourceTree = "<group>"; };
		C302CB6524163F3B00C28B8D /* Info.plist */ = {isa = PBXFileReference; lastKnownFileType = text.plist.xml; path = Info.plist; sourceTree = "<group>"; };
		C302CB6B241640A700C28B8D /* ArticleTableViewCell.swift */ = {isa = PBXFileReference; lastKnownFileType = sourcecode.swift; path = ArticleTableViewCell.swift; sourceTree = "<group>"; };
		C302CB6C241640A700C28B8D /* ArticleTableViewCell.xib */ = {isa = PBXFileReference; lastKnownFileType = file.xib; path = ArticleTableViewCell.xib; sourceTree = "<group>"; };
		C302CB702416441B00C28B8D /* Source.swift */ = {isa = PBXFileReference; fileEncoding = 4; lastKnownFileType = sourcecode.swift; path = Source.swift; sourceTree = "<group>"; };
		C302CB712416441B00C28B8D /* article_base.swift */ = {isa = PBXFileReference; fileEncoding = 4; lastKnownFileType = sourcecode.swift; path = article_base.swift; sourceTree = "<group>"; };
		C302CB722416441B00C28B8D /* Articles.swift */ = {isa = PBXFileReference; fileEncoding = 4; lastKnownFileType = sourcecode.swift; path = Articles.swift; sourceTree = "<group>"; };
		C302CB7824164A1200C28B8D /* ArticleMangaer.swift */ = {isa = PBXFileReference; lastKnownFileType = sourcecode.swift; path = ArticleMangaer.swift; sourceTree = "<group>"; };
/* End PBXFileReference section */

/* Begin PBXFrameworksBuildPhase section */
		C302CB5124163F3A00C28B8D /* Frameworks */ = {
			isa = PBXFrameworksBuildPhase;
			buildActionMask = 2147483647;
			files = (
				EA1F1DC50F22534B360A2922 /* Pods_koml_machinetest.framework in Frameworks */,
			);
			runOnlyForDeploymentPostprocessing = 0;
		};
/* End PBXFrameworksBuildPhase section */

/* Begin PBXGroup section */
		573AD2766C48CC6890F05496 /* Pods */ = {
			isa = PBXGroup;
			children = (
				8CCBA940EF2982342C31845A /* Pods-koml_machinetest.debug.xcconfig */,
				4E19772958C305E7FD1445BB /* Pods-koml_machinetest.release.xcconfig */,
			);
			path = Pods;
			sourceTree = "<group>";
		};
		C302CB4B24163F3A00C28B8D = {
			isa = PBXGroup;
			children = (
				C302CB5624163F3A00C28B8D /* koml_machinetest */,
				C302CB5524163F3A00C28B8D /* Products */,
				573AD2766C48CC6890F05496 /* Pods */,
				F9859442EF68B592F07BB4BE /* Frameworks */,
			);
			sourceTree = "<group>";
		};
		C302CB5524163F3A00C28B8D /* Products */ = {
			isa = PBXGroup;
			children = (
				C302CB5424163F3A00C28B8D /* koml_machinetest.app */,
			);
			name = Products;
			sourceTree = "<group>";
		};
		C302CB5624163F3A00C28B8D /* koml_machinetest */ = {
			isa = PBXGroup;
			children = (
				C302CB5724163F3A00C28B8D /* AppDelegate.swift */,
				C302CB5924163F3A00C28B8D /* SceneDelegate.swift */,
				C302CB5B24163F3A00C28B8D /* ViewController.swift */,
				C302CB7824164A1200C28B8D /* ArticleMangaer.swift */,
				C302CB6B241640A700C28B8D /* ArticleTableViewCell.swift */,
				4B4002182422231800282B9C /* DocumentDirectory.swift */,
				4B373A482420F93200E36836 /* URL.swift */,
				4B373A4A2420FA4900E36836 /* Heros_Base.swift */,
				C302CB6F2416441B00C28B8D /* Article_Model */,
				C302CB6C241640A700C28B8D /* ArticleTableViewCell.xib */,
				C302CB5D24163F3A00C28B8D /* Main.storyboard */,
				C302CB6024163F3B00C28B8D /* Assets.xcassets */,
				C302CB6224163F3B00C28B8D /* LaunchScreen.storyboard */,
				C302CB6524163F3B00C28B8D /* Info.plist */,
			);
			path = koml_machinetest;
			sourceTree = "<group>";
		};
		C302CB6F2416441B00C28B8D /* Article_Model */ = {
			isa = PBXGroup;
			children = (
				C302CB702416441B00C28B8D /* Source.swift */,
				C302CB712416441B00C28B8D /* article_base.swift */,
				C302CB722416441B00C28B8D /* Articles.swift */,
			);
			path = Article_Model;
			sourceTree = "<group>";
		};
		F9859442EF68B592F07BB4BE /* Frameworks */ = {
			isa = PBXGroup;
			children = (
				B0FD17372FF4B3D8990FDF8F /* Pods_koml_machinetest.framework */,
			);
			name = Frameworks;
			sourceTree = "<group>";
		};
/* End PBXGroup section */

/* Begin PBXNativeTarget section */
		C302CB5324163F3A00C28B8D /* koml_machinetest */ = {
			isa = PBXNativeTarget;
			buildConfigurationList = C302CB6824163F3B00C28B8D /* Build configuration list for PBXNativeTarget "koml_machinetest" */;
			buildPhases = (
				ED3C270FAF195B2A2AA0C90F /* [CP] Check Pods Manifest.lock */,
				C302CB5024163F3A00C28B8D /* Sources */,
				C302CB5124163F3A00C28B8D /* Frameworks */,
				C302CB5224163F3A00C28B8D /* Resources */,
				323FC68331C4039110E98F8E /* [CP] Embed Pods Frameworks */,
			);
			buildRules = (
			);
			dependencies = (
			);
			name = koml_machinetest;
			productName = koml_machinetest;
			productReference = C302CB5424163F3A00C28B8D /* koml_machinetest.app */;
			productType = "com.apple.product-type.application";
		};
/* End PBXNativeTarget section */

/* Begin PBXProject section */
		C302CB4C24163F3A00C28B8D /* Project object */ = {
			isa = PBXProject;
			attributes = {
				LastSwiftUpdateCheck = 1130;
				LastUpgradeCheck = 1130;
				ORGANIZATIONNAME = "Script Lanes";
				TargetAttributes = {
					C302CB5324163F3A00C28B8D = {
						CreatedOnToolsVersion = 11.3.1;
					};
				};
			};
			buildConfigurationList = C302CB4F24163F3A00C28B8D /* Build configuration list for PBXProject "koml_machinetest" */;
			compatibilityVersion = "Xcode 9.3";
			developmentRegion = en;
			hasScannedForEncodings = 0;
			knownRegions = (
				en,
				Base,
			);
			mainGroup = C302CB4B24163F3A00C28B8D;
			productRefGroup = C302CB5524163F3A00C28B8D /* Products */;
			projectDirPath = "";
			projectRoot = "";
			targets = (
				C302CB5324163F3A00C28B8D /* koml_machinetest */,
			);
		};
/* End PBXProject section */

/* Begin PBXResourcesBuildPhase section */
		C302CB5224163F3A00C28B8D /* Resources */ = {
			isa = PBXResourcesBuildPhase;
			buildActionMask = 2147483647;
			files = (
				C302CB6E241640A700C28B8D /* ArticleTableViewCell.xib in Resources */,
				C302CB6424163F3B00C28B8D /* LaunchScreen.storyboard in Resources */,
				C302CB6124163F3B00C28B8D /* Assets.xcassets in Resources */,
				C302CB5F24163F3A00C28B8D /* Main.storyboard in Resources */,
			);
			runOnlyForDeploymentPostprocessing = 0;
		};
/* End PBXResourcesBuildPhase section */

/* Begin PBXShellScriptBuildPhase section */
		323FC68331C4039110E98F8E /* [CP] Embed Pods Frameworks */ = {
			isa = PBXShellScriptBuildPhase;
			buildActionMask = 2147483647;
			files = (
			);
			inputFileListPaths = (
				"${PODS_ROOT}/Target Support Files/Pods-koml_machinetest/Pods-koml_machinetest-frameworks-${CONFIGURATION}-input-files.xcfilelist",
			);
			name = "[CP] Embed Pods Frameworks";
			outputFileListPaths = (
				"${PODS_ROOT}/Target Support Files/Pods-koml_machinetest/Pods-koml_machinetest-frameworks-${CONFIGURATION}-output-files.xcfilelist",
			);
			runOnlyForDeploymentPostprocessing = 0;
			shellPath = /bin/sh;
			shellScript = "\"${PODS_ROOT}/Target Support Files/Pods-koml_machinetest/Pods-koml_machinetest-frameworks.sh\"\n";
			showEnvVarsInLog = 0;
		};
		ED3C270FAF195B2A2AA0C90F /* [CP] Check Pods Manifest.lock */ = {
			isa = PBXShellScriptBuildPhase;
			buildActionMask = 2147483647;
			files = (
			);
			inputFileListPaths = (
			);
			inputPaths = (
				"${PODS_PODFILE_DIR_PATH}/Podfile.lock",
				"${PODS_ROOT}/Manifest.lock",
			);
			name = "[CP] Check Pods Manifest.lock";
			outputFileListPaths = (
			);
			outputPaths = (
				"$(DERIVED_FILE_DIR)/Pods-koml_machinetest-checkManifestLockResult.txt",
			);
			runOnlyForDeploymentPostprocessing = 0;
			shellPath = /bin/sh;
			shellScript = "diff \"${PODS_PODFILE_DIR_PATH}/Podfile.lock\" \"${PODS_ROOT}/Manifest.lock\" > /dev/null\nif [ $? != 0 ] ; then\n    # print error to STDERR\n    echo \"error: The sandbox is not in sync with the Podfile.lock. Run 'pod install' or update your CocoaPods installation.\" >&2\n    exit 1\nfi\n# This output is used by Xcode 'outputs' to avoid re-running this script phase.\necho \"SUCCESS\" > \"${SCRIPT_OUTPUT_FILE_0}\"\n";
			showEnvVarsInLog = 0;
		};
/* End PBXShellScriptBuildPhase section */

/* Begin PBXSourcesBuildPhase section */
		C302CB5024163F3A00C28B8D /* Sources */ = {
			isa = PBXSourcesBuildPhase;
			buildActionMask = 2147483647;
			files = (
				4B373A4B2420FA4900E36836 /* Heros_Base.swift in Sources */,
				C302CB752416441B00C28B8D /* Articles.swift in Sources */,
				C302CB6D241640A700C28B8D /* ArticleTableViewCell.swift in Sources */,
				4B373A492420F93200E36836 /* URL.swift in Sources */,
				C302CB5C24163F3A00C28B8D /* ViewController.swift in Sources */,
				C302CB5824163F3A00C28B8D /* AppDelegate.swift in Sources */,
				C302CB732416441B00C28B8D /* Source.swift in Sources */,
				C302CB5A24163F3A00C28B8D /* SceneDelegate.swift in Sources */,
				C302CB7924164A1200C28B8D /* ArticleMangaer.swift in Sources */,
				C302CB742416441B00C28B8D /* article_base.swift in Sources */,
				4B4002192422231800282B9C /* DocumentDirectory.swift in Sources */,
			);
			runOnlyForDeploymentPostprocessing = 0;
		};
/* End PBXSourcesBuildPhase section */

/* Begin PBXVariantGroup section */
		C302CB5D24163F3A00C28B8D /* Main.storyboard */ = {
			isa = PBXVariantGroup;
			children = (
				C302CB5E24163F3A00C28B8D /* Base */,
			);
			name = Main.storyboard;
			sourceTree = "<group>";
		};
		C302CB6224163F3B00C28B8D /* LaunchScreen.storyboard */ = {
			isa = PBXVariantGroup;
			children = (
				C302CB6324163F3B00C28B8D /* Base */,
			);
			name = LaunchScreen.storyboard;
			sourceTree = "<group>";
		};
/* End PBXVariantGroup section */

/* Begin XCBuildConfiguration section */
		C302CB6624163F3B00C28B8D /* Debug */ = {
			isa = XCBuildConfiguration;
			buildSettings = {
				ALWAYS_SEARCH_USER_PATHS = NO;
				CLANG_ANALYZER_NONNULL = YES;
				CLANG_ANALYZER_NUMBER_OBJECT_CONVERSION = YES_AGGRESSIVE;
				CLANG_CXX_LANGUAGE_STANDARD = "gnu++14";
				CLANG_CXX_LIBRARY = "libc++";
				CLANG_ENABLE_MODULES = YES;
				CLANG_ENABLE_OBJC_ARC = YES;
				CLANG_ENABLE_OBJC_WEAK = YES;
				CLANG_WARN_BLOCK_CAPTURE_AUTORELEASING = YES;
				CLANG_WARN_BOOL_CONVERSION = YES;
				CLANG_WARN_COMMA = YES;
				CLANG_WARN_CONSTANT_CONVERSION = YES;
				CLANG_WARN_DEPRECATED_OBJC_IMPLEMENTATIONS = YES;
				CLANG_WARN_DIRECT_OBJC_ISA_USAGE = YES_ERROR;
				CLANG_WARN_DOCUMENTATION_COMMENTS = YES;
				CLANG_WARN_EMPTY_BODY = YES;
				CLANG_WARN_ENUM_CONVERSION = YES;
				CLANG_WARN_INFINITE_RECURSION = YES;
				CLANG_WARN_INT_CONVERSION = YES;
				CLANG_WARN_NON_LITERAL_NULL_CONVERSION = YES;
				CLANG_WARN_OBJC_IMPLICIT_RETAIN_SELF = YES;
				CLANG_WARN_OBJC_LITERAL_CONVERSION = YES;
				CLANG_WARN_OBJC_ROOT_CLASS = YES_ERROR;
				CLANG_WARN_RANGE_LOOP_ANALYSIS = YES;
				CLANG_WARN_STRICT_PROTOTYPES = YES;
				CLANG_WARN_SUSPICIOUS_MOVE = YES;
				CLANG_WARN_UNGUARDED_AVAILABILITY = YES_AGGRESSIVE;
				CLANG_WARN_UNREACHABLE_CODE = YES;
				CLANG_WARN__DUPLICATE_METHOD_MATCH = YES;
				COPY_PHASE_STRIP = NO;
				DEBUG_INFORMATION_FORMAT = dwarf;
				ENABLE_STRICT_OBJC_MSGSEND = YES;
				ENABLE_TESTABILITY = YES;
				GCC_C_LANGUAGE_STANDARD = gnu11;
				GCC_DYNAMIC_NO_PIC = NO;
				GCC_NO_COMMON_BLOCKS = YES;
				GCC_OPTIMIZATION_LEVEL = 0;
				GCC_PREPROCESSOR_DEFINITIONS = (
					"DEBUG=1",
					"$(inherited)",
				);
				GCC_WARN_64_TO_32_BIT_CONVERSION = YES;
				GCC_WARN_ABOUT_RETURN_TYPE = YES_ERROR;
				GCC_WARN_UNDECLARED_SELECTOR = YES;
				GCC_WARN_UNINITIALIZED_AUTOS = YES_AGGRESSIVE;
				GCC_WARN_UNUSED_FUNCTION = YES;
				GCC_WARN_UNUSED_VARIABLE = YES;
				IPHONEOS_DEPLOYMENT_TARGET = 13.2;
				MTL_ENABLE_DEBUG_INFO = INCLUDE_SOURCE;
				MTL_FAST_MATH = YES;
				ONLY_ACTIVE_ARCH = YES;
				SDKROOT = iphoneos;
				SWIFT_ACTIVE_COMPILATION_CONDITIONS = DEBUG;
				SWIFT_OPTIMIZATION_LEVEL = "-Onone";
			};
			name = Debug;
		};
		C302CB6724163F3B00C28B8D /* Release */ = {
			isa = XCBuildConfiguration;
			buildSettings = {
				ALWAYS_SEARCH_USER_PATHS = NO;
				CLANG_ANALYZER_NONNULL = YES;
				CLANG_ANALYZER_NUMBER_OBJECT_CONVERSION = YES_AGGRESSIVE;
				CLANG_CXX_LANGUAGE_STANDARD = "gnu++14";
				CLANG_CXX_LIBRARY = "libc++";
				CLANG_ENABLE_MODULES = YES;
				CLANG_ENABLE_OBJC_ARC = YES;
				CLANG_ENABLE_OBJC_WEAK = YES;
				CLANG_WARN_BLOCK_CAPTURE_AUTORELEASING = YES;
				CLANG_WARN_BOOL_CONVERSION = YES;
				CLANG_WARN_COMMA = YES;
				CLANG_WARN_CONSTANT_CONVERSION = YES;
				CLANG_WARN_DEPRECATED_OBJC_IMPLEMENTATIONS = YES;
				CLANG_WARN_DIRECT_OBJC_ISA_USAGE = YES_ERROR;
				CLANG_WARN_DOCUMENTATION_COMMENTS = YES;
				CLANG_WARN_EMPTY_BODY = YES;
				CLANG_WARN_ENUM_CONVERSION = YES;
				CLANG_WARN_INFINITE_RECURSION = YES;
				CLANG_WARN_INT_CONVERSION = YES;
				CLANG_WARN_NON_LITERAL_NULL_CONVERSION = YES;
				CLANG_WARN_OBJC_IMPLICIT_RETAIN_SELF = YES;
				CLANG_WARN_OBJC_LITERAL_CONVERSION = YES;
				CLANG_WARN_OBJC_ROOT_CLASS = YES_ERROR;
				CLANG_WARN_RANGE_LOOP_ANALYSIS = YES;
				CLANG_WARN_STRICT_PROTOTYPES = YES;
				CLANG_WARN_SUSPICIOUS_MOVE = YES;
				CLANG_WARN_UNGUARDED_AVAILABILITY = YES_AGGRESSIVE;
				CLANG_WARN_UNREACHABLE_CODE = YES;
				CLANG_WARN__DUPLICATE_METHOD_MATCH = YES;
				COPY_PHASE_STRIP = NO;
				DEBUG_INFORMATION_FORMAT = "dwarf-with-dsym";
				ENABLE_NS_ASSERTIONS = NO;
				ENABLE_STRICT_OBJC_MSGSEND = YES;
				GCC_C_LANGUAGE_STANDARD = gnu11;
				GCC_NO_COMMON_BLOCKS = YES;
				GCC_WARN_64_TO_32_BIT_CONVERSION = YES;
				GCC_WARN_ABOUT_RETURN_TYPE = YES_ERROR;
				GCC_WARN_UNDECLARED_SELECTOR = YES;
				GCC_WARN_UNINITIALIZED_AUTOS = YES_AGGRESSIVE;
				GCC_WARN_UNUSED_FUNCTION = YES;
				GCC_WARN_UNUSED_VARIABLE = YES;
				IPHONEOS_DEPLOYMENT_TARGET = 13.2;
				MTL_ENABLE_DEBUG_INFO = NO;
				MTL_FAST_MATH = YES;
				SDKROOT = iphoneos;
				SWIFT_COMPILATION_MODE = wholemodule;
				SWIFT_OPTIMIZATION_LEVEL = "-O";
				VALIDATE_PRODUCT = YES;
			};
			name = Release;
		};
		C302CB6924163F3B00C28B8D /* Debug */ = {
			isa = XCBuildConfiguration;
			baseConfigurationReference = 8CCBA940EF2982342C31845A /* Pods-koml_machinetest.debug.xcconfig */;
			buildSettings = {
				ASSETCATALOG_COMPILER_APPICON_NAME = AppIcon;
				CODE_SIGN_STYLE = Automatic;
				INFOPLIST_FILE = koml_machinetest/Info.plist;
				LD_RUNPATH_SEARCH_PATHS = (
					"$(inherited)",
					"@executable_path/Frameworks",
				);
				PRODUCT_BUNDLE_IDENTIFIER = "com.scriptLanes.koml-machinetest";
				PRODUCT_NAME = "$(TARGET_NAME)";
				SWIFT_VERSION = 5.0;
				TARGETED_DEVICE_FAMILY = "1,2";
			};
			name = Debug;
		};
		C302CB6A24163F3B00C28B8D /* Release */ = {
			isa = XCBuildConfiguration;
			baseConfigurationReference = 4E19772958C305E7FD1445BB /* Pods-koml_machinetest.release.xcconfig */;
			buildSettings = {
				ASSETCATALOG_COMPILER_APPICON_NAME = AppIcon;
				CODE_SIGN_STYLE = Automatic;
				INFOPLIST_FILE = koml_machinetest/Info.plist;
				LD_RUNPATH_SEARCH_PATHS = (
					"$(inherited)",
					"@executable_path/Frameworks",
				);
				PRODUCT_BUNDLE_IDENTIFIER = "com.scriptLanes.koml-machinetest";
				PRODUCT_NAME = "$(TARGET_NAME)";
				SWIFT_VERSION = 5.0;
				TARGETED_DEVICE_FAMILY = "1,2";
			};
			name = Release;
		};
/* End XCBuildConfiguration section */

/* Begin XCConfigurationList section */
		C302CB4F24163F3A00C28B8D /* Build configuration list for PBXProject "koml_machinetest" */ = {
			isa = XCConfigurationList;
			buildConfigurations = (
				C302CB6624163F3B00C28B8D /* Debug */,
				C302CB6724163F3B00C28B8D /* Release */,
			);
			defaultConfigurationIsVisible = 0;
			defaultConfigurationName = Release;
		};
		C302CB6824163F3B00C28B8D /* Build configuration list for PBXNativeTarget "koml_machinetest" */ = {
			isa = XCConfigurationList;
			buildConfigurations = (
				C302CB6924163F3B00C28B8D /* Debug */,
				C302CB6A24163F3B00C28B8D /* Release */,
			);
			defaultConfigurationIsVisible = 0;
			defaultConfigurationName = Release;
		};
/* End XCConfigurationList section */
	};
	rootObject = C302CB4C24163F3A00C28B8D /* Project object */;
}
